
Microsoft Visual Studio Solution File, Format Version 11.00
# Visual Studio 2010
Project("{FAE04EC0-301F-11D3-BF4B-00C04F79EFBC}") = "Sipper", "Sipper\Sipper.csproj", "{EBBFB9E1-5DE0-4A74-A94A-085EBF9AA92C}"
EndProject
Project("{FAE04EC0-301F-11D3-BF4B-00C04F79EFBC}") = "Sipper.Backend", "Sipper.Backend\Sipper.Backend.csproj", "{46FB5DFA-591B-426E-BAD4-BA47E1C1BA79}"
EndProject
Project("{FAE04EC0-301F-11D3-BF4B-00C04F79EFBC}") = "Sipper.UnitTesting", "Sipper.UnitTesting\Sipper.UnitTesting.csproj", "{5ADFA118-93DE-479A-8B43-14083AAF5FCF}"
EndProject
Project("{FAE04EC0-301F-11D3-BF4B-00C04F79EFBC}") = "Sipper.Scripts", "Sipper.Scripts\Sipper.Scripts.csproj", "{235A9028-1290-454A-ACFA-98F24C45005E}"
EndProject
Global
	GlobalSection(SolutionConfigurationPlatforms) = preSolution
		Debug|Any CPU = Debug|Any CPU
		Debug|Mixed Platforms = Debug|Mixed Platforms
		Debug|x86 = Debug|x86
		Release|Any CPU = Release|Any CPU
		Release|Mixed Platforms = Release|Mixed Platforms
		Release|x86 = Release|x86
	EndGlobalSection
	GlobalSection(ProjectConfigurationPlatforms) = postSolution
		{EBBFB9E1-5DE0-4A74-A94A-085EBF9AA92C}.Debug|Any CPU.ActiveCfg = Debug|x86
		{EBBFB9E1-5DE0-4A74-A94A-085EBF9AA92C}.Debug|Mixed Platforms.ActiveCfg = Debug|x86
		{EBBFB9E1-5DE0-4A74-A94A-085EBF9AA92C}.Debug|Mixed Platforms.Build.0 = Debug|x86
		{EBBFB9E1-5DE0-4A74-A94A-085EBF9AA92C}.Debug|x86.ActiveCfg = Debug|x86
		{EBBFB9E1-5DE0-4A74-A94A-085EBF9AA92C}.Debug|x86.Build.0 = Debug|x86
		{EBBFB9E1-5DE0-4A74-A94A-085EBF9AA92C}.Release|Any CPU.ActiveCfg = Release|x86
		{EBBFB9E1-5DE0-4A74-A94A-085EBF9AA92C}.Release|Mixed Platforms.ActiveCfg = Release|x86
		{EBBFB9E1-5DE0-4A74-A94A-085EBF9AA92C}.Release|Mixed Platforms.Build.0 = Release|x86
		{EBBFB9E1-5DE0-4A74-A94A-085EBF9AA92C}.Release|x86.ActiveCfg = Release|x86
		{EBBFB9E1-5DE0-4A74-A94A-085EBF9AA92C}.Release|x86.Build.0 = Release|x86
		{46FB5DFA-591B-426E-BAD4-BA47E1C1BA79}.Debug|Any CPU.ActiveCfg = Debug|Any CPU
		{46FB5DFA-591B-426E-BAD4-BA47E1C1BA79}.Debug|Any CPU.Build.0 = Debug|Any CPU
		{46FB5DFA-591B-426E-BAD4-BA47E1C1BA79}.Debug|Mixed Platforms.ActiveCfg = Debug|x86
		{46FB5DFA-591B-426E-BAD4-BA47E1C1BA79}.Debug|Mixed Platforms.Build.0 = Debug|x86
		{46FB5DFA-591B-426E-BAD4-BA47E1C1BA79}.Debug|x86.ActiveCfg = Debug|x86
		{46FB5DFA-591B-426E-BAD4-BA47E1C1BA79}.Debug|x86.Build.0 = Debug|x86
		{46FB5DFA-591B-426E-BAD4-BA47E1C1BA79}.Release|Any CPU.ActiveCfg = Release|Any CPU
		{46FB5DFA-591B-426E-BAD4-BA47E1C1BA79}.Release|Any CPU.Build.0 = Release|Any CPU
		{46FB5DFA-591B-426E-BAD4-BA47E1C1BA79}.Release|Mixed Platforms.ActiveCfg = Release|Any CPU
		{46FB5DFA-591B-426E-BAD4-BA47E1C1BA79}.Release|Mixed Platforms.Build.0 = Release|Any CPU
		{46FB5DFA-591B-426E-BAD4-BA47E1C1BA79}.Release|x86.ActiveCfg = Release|Any CPU
		{5ADFA118-93DE-479A-8B43-14083AAF5FCF}.Debug|Any CPU.ActiveCfg = Debug|Any CPU
		{5ADFA118-93DE-479A-8B43-14083AAF5FCF}.Debug|Any CPU.Build.0 = Debug|Any CPU
		{5ADFA118-93DE-479A-8B43-14083AAF5FCF}.Debug|Mixed Platforms.ActiveCfg = Debug|x86
		{5ADFA118-93DE-479A-8B43-14083AAF5FCF}.Debug|Mixed Platforms.Build.0 = Debug|x86
		{5ADFA118-93DE-479A-8B43-14083AAF5FCF}.Debug|x86.ActiveCfg = Debug|x86
		{5ADFA118-93DE-479A-8B43-14083AAF5FCF}.Debug|x86.Build.0 = Debug|x86
		{5ADFA118-93DE-479A-8B43-14083AAF5FCF}.Release|Any CPU.ActiveCfg = Release|Any CPU
		{5ADFA118-93DE-479A-8B43-14083AAF5FCF}.Release|Any CPU.Build.0 = Release|Any CPU
		{5ADFA118-93DE-479A-8B43-14083AAF5FCF}.Release|Mixed Platforms.ActiveCfg = Release|Any CPU
		{5ADFA118-93DE-479A-8B43-14083AAF5FCF}.Release|Mixed Platforms.Build.0 = Release|Any CPU
		{5ADFA118-93DE-479A-8B43-14083AAF5FCF}.Release|x86.ActiveCfg = Release|Any CPU
		{235A9028-1290-454A-ACFA-98F24C45005E}.Debug|Any CPU.ActiveCfg = Debug|Any CPU
		{235A9028-1290-454A-ACFA-98F24C45005E}.Debug|Any CPU.Build.0 = Debug|Any CPU
		{235A9028-1290-454A-ACFA-98F24C45005E}.Debug|Mixed Platforms.ActiveCfg = Debug|Any CPU
		{235A9028-1290-454A-ACFA-98F24C45005E}.Debug|Mixed Platforms.Build.0 = Debug|Any CPU
		{235A9028-1290-454A-ACFA-98F24C45005E}.Debug|x86.ActiveCfg = Debug|Any CPU
		{235A9028-1290-454A-ACFA-98F24C45005E}.Release|Any CPU.ActiveCfg = Release|Any CPU
		{235A9028-1290-454A-ACFA-98F24C45005E}.Release|Any CPU.Build.0 = Release|Any CPU
		{235A9028-1290-454A-ACFA-98F24C45005E}.Release|Mixed Platforms.ActiveCfg = Release|Any CPU
		{235A9028-1290-454A-ACFA-98F24C45005E}.Release|Mixed Platforms.Build.0 = Release|Any CPU
		{235A9028-1290-454A-ACFA-98F24C45005E}.Release|x86.ActiveCfg = Release|Any CPU
	EndGlobalSection
	GlobalSection(SolutionProperties) = preSolution
		HideSolutionNode = FALSE
	EndGlobalSection
EndGlobal
